
Microsoft Visual Studio Solution File, Format Version 12.00
# Visual Studio 15
VisualStudioVersion = 15.0.27703.2026
MinimumVisualStudioVersion = 10.0.40219.1
Project("{FAE04EC0-301F-11D3-BF4B-00C04F79EFBC}") = "JensBols", "JensBols\JensBols.csproj", "{681E1F99-08A3-4AD7-8CD8-4A047881D801}"
EndProject
Global
	GlobalSection(SolutionConfigurationPlatforms) = preSolution
		Debug|Any CPU = Debug|Any CPU
		Release|Any CPU = Release|Any CPU
	EndGlobalSection
	GlobalSection(ProjectConfigurationPlatforms) = postSolution
		{681E1F99-08A3-4AD7-8CD8-4A047881D801}.Debug|Any CPU.ActiveCfg = Debug|Any CPU
		{681E1F99-08A3-4AD7-8CD8-4A047881D801}.Debug|Any CPU.Build.0 = Debug|Any CPU
		{681E1F99-08A3-4AD7-8CD8-4A047881D801}.Release|Any CPU.ActiveCfg = Release|Any CPU
		{681E1F99-08A3-4AD7-8CD8-4A047881D801}.Release|Any CPU.Build.0 = Release|Any CPU
	EndGlobalSection
	GlobalSection(SolutionProperties) = preSolution
		HideSolutionNode = FALSE
	EndGlobalSection
	GlobalSection(ExtensibilityGlobals) = postSolution
		SolutionGuid = {4035714C-3DE3-4770-9BD6-13C3CCA71D17}
	EndGlobalSection
EndGlobal
